
Microsoft Visual Studio Solution File, Format Version 12.00
# Visual Studio 15
Project("{FAE04EC0-301F-11D3-BF4B-00C04F79EFBC}") = "ProjectPortfolio2", "ProjectPortfolio2\ProjectPortfolio2.csproj", "{DDB7C8B2-BF82-4922-B777-A625D4950D27}"
EndProject
Global
	GlobalSection(SolutionConfigurationPlatforms) = preSolution
		Debug|Any CPU = Debug|Any CPU
		Release|Any CPU = Release|Any CPU
	EndGlobalSection
	GlobalSection(ProjectConfigurationPlatforms) = postSolution
		{DDB7C8B2-BF82-4922-B777-A625D4950D27}.Debug|Any CPU.ActiveCfg = Debug|Any CPU
		{DDB7C8B2-BF82-4922-B777-A625D4950D27}.Debug|Any CPU.Build.0 = Debug|Any CPU
		{DDB7C8B2-BF82-4922-B777-A625D4950D27}.Release|Any CPU.ActiveCfg = Release|Any CPU
		{DDB7C8B2-BF82-4922-B777-A625D4950D27}.Release|Any CPU.Build.0 = Release|Any CPU
	EndGlobalSection
EndGlobal
